{
  "name": "my-second-package",
  "version": "1.0.0",
  "lockfileVersion": 3,
  "requires": true,
  "packages": {
    "": {
      "name": "my-second-package",
      "version": "1.0.0",
      "license": "ISC",
      "dependencies": {
        "mercecii-debounce": "^1.0.0"
      }
    },
    "node_modules/mercecii-debounce": {
      "version": "1.0.0",
      "resolved": "https://registry.npmjs.org/mercecii-debounce/-/mercecii-debounce-1.0.0.tgz",
      "integrity": "sha512-jbUpZqdYVtD4tFwjhDddGufPotm2JP1SfPO0vhCkC7SCfNM5Pfvb0GyvUIFrI8RJUzaxuP5QxUtfNlLITXoGwg==",
      "license": "ISC"
    }
  }
}
